
Microsoft Visual Studio Solution File, Format Version 12.00
# Visual Studio Express 2012 for Windows 8
Project("{FAE04EC0-301F-11D3-BF4B-00C04F79EFBC}") = "Pascalines", "Pascalines\Pascalines.csproj", "{64E2E347-D392-42DE-A52D-34B6D69EF6A2}"
EndProject
Project("{FAE04EC0-301F-11D3-BF4B-00C04F79EFBC}") = "Pascalines.Model", "Pascaline.Model\Pascalines.Model.csproj", "{11417513-2128-4621-A6FB-0F9011334BA0}"
EndProject
Project("{FAE04EC0-301F-11D3-BF4B-00C04F79EFBC}") = "Pascalines.Services", "Pascaline.Services\Pascalines.Services.csproj", "{D18FE34F-8EA7-4771-8ACD-33E0ECA1E8AF}"
EndProject
Project("{FAE04EC0-301F-11D3-BF4B-00C04F79EFBC}") = "Pascalines.Framework", "Pascalines.Framework\Pascalines.Framework.csproj", "{1DAD4B6F-3626-4BF3-AF95-6E1244478D16}"
EndProject
Project("{FAE04EC0-301F-11D3-BF4B-00C04F79EFBC}") = "Pascalines.ViewModels", "Pascalines.ViewModels\Pascalines.ViewModels.csproj", "{D91C0212-BBF0-4CB6-B7C9-CBCA5F665B71}"
EndProject
Project("{FAE04EC0-301F-11D3-BF4B-00C04F79EFBC}") = "Pascalines.Views", "Pascalines.Views\Pascalines.Views.csproj", "{D5B5A054-21FA-4E33-A38D-9AF08E924011}"
EndProject
Global
	GlobalSection(SolutionConfigurationPlatforms) = preSolution
		Debug|ARM = Debug|ARM
		Debug|Any CPU = Debug|Any CPU
		Debug|x64 = Debug|x64
		Debug|x86 = Debug|x86
		Release|ARM = Release|ARM
		Release|Any CPU = Release|Any CPU
		Release|x64 = Release|x64
		Release|x86 = Release|x86
	EndGlobalSection
	GlobalSection(ProjectConfigurationPlatforms) = postSolution
		{11417513-2128-4621-A6FB-0F9011334BA0}.Debug|ARM.ActiveCfg = Debug|ARM
		{11417513-2128-4621-A6FB-0F9011334BA0}.Debug|ARM.Build.0 = Debug|ARM
		{11417513-2128-4621-A6FB-0F9011334BA0}.Debug|Any CPU.ActiveCfg = Debug|Any CPU
		{11417513-2128-4621-A6FB-0F9011334BA0}.Debug|Any CPU.Build.0 = Debug|Any CPU
		{11417513-2128-4621-A6FB-0F9011334BA0}.Debug|x64.ActiveCfg = Debug|x64
		{11417513-2128-4621-A6FB-0F9011334BA0}.Debug|x64.Build.0 = Debug|x64
		{11417513-2128-4621-A6FB-0F9011334BA0}.Debug|x86.ActiveCfg = Debug|x86
		{11417513-2128-4621-A6FB-0F9011334BA0}.Debug|x86.Build.0 = Debug|x86
		{11417513-2128-4621-A6FB-0F9011334BA0}.Release|ARM.ActiveCfg = Release|ARM
		{11417513-2128-4621-A6FB-0F9011334BA0}.Release|ARM.Build.0 = Release|ARM
		{11417513-2128-4621-A6FB-0F9011334BA0}.Release|Any CPU.ActiveCfg = Release|Any CPU
		{11417513-2128-4621-A6FB-0F9011334BA0}.Release|Any CPU.Build.0 = Release|Any CPU
		{11417513-2128-4621-A6FB-0F9011334BA0}.Release|x64.ActiveCfg = Release|x64
		{11417513-2128-4621-A6FB-0F9011334BA0}.Release|x64.Build.0 = Release|x64
		{11417513-2128-4621-A6FB-0F9011334BA0}.Release|x86.ActiveCfg = Release|x86
		{11417513-2128-4621-A6FB-0F9011334BA0}.Release|x86.Build.0 = Release|x86
		{1DAD4B6F-3626-4BF3-AF95-6E1244478D16}.Debug|ARM.ActiveCfg = Debug|ARM
		{1DAD4B6F-3626-4BF3-AF95-6E1244478D16}.Debug|ARM.Build.0 = Debug|ARM
		{1DAD4B6F-3626-4BF3-AF95-6E1244478D16}.Debug|Any CPU.ActiveCfg = Debug|Any CPU
		{1DAD4B6F-3626-4BF3-AF95-6E1244478D16}.Debug|Any CPU.Build.0 = Debug|Any CPU
		{1DAD4B6F-3626-4BF3-AF95-6E1244478D16}.Debug|x64.ActiveCfg = Debug|x64
		{1DAD4B6F-3626-4BF3-AF95-6E1244478D16}.Debug|x64.Build.0 = Debug|x64
		{1DAD4B6F-3626-4BF3-AF95-6E1244478D16}.Debug|x86.ActiveCfg = Debug|x86
		{1DAD4B6F-3626-4BF3-AF95-6E1244478D16}.Debug|x86.Build.0 = Debug|x86
		{1DAD4B6F-3626-4BF3-AF95-6E1244478D16}.Release|ARM.ActiveCfg = Release|ARM
		{1DAD4B6F-3626-4BF3-AF95-6E1244478D16}.Release|ARM.Build.0 = Release|ARM
		{1DAD4B6F-3626-4BF3-AF95-6E1244478D16}.Release|Any CPU.ActiveCfg = Release|Any CPU
		{1DAD4B6F-3626-4BF3-AF95-6E1244478D16}.Release|Any CPU.Build.0 = Release|Any CPU
		{1DAD4B6F-3626-4BF3-AF95-6E1244478D16}.Release|x64.ActiveCfg = Release|x64
		{1DAD4B6F-3626-4BF3-AF95-6E1244478D16}.Release|x64.Build.0 = Release|x64
		{1DAD4B6F-3626-4BF3-AF95-6E1244478D16}.Release|x86.ActiveCfg = Release|x86
		{1DAD4B6F-3626-4BF3-AF95-6E1244478D16}.Release|x86.Build.0 = Release|x86
		{64E2E347-D392-42DE-A52D-34B6D69EF6A2}.Debug|ARM.ActiveCfg = Debug|ARM
		{64E2E347-D392-42DE-A52D-34B6D69EF6A2}.Debug|ARM.Build.0 = Debug|ARM
		{64E2E347-D392-42DE-A52D-34B6D69EF6A2}.Debug|ARM.Deploy.0 = Debug|ARM
		{64E2E347-D392-42DE-A52D-34B6D69EF6A2}.Debug|Any CPU.ActiveCfg = Debug|Any CPU
		{64E2E347-D392-42DE-A52D-34B6D69EF6A2}.Debug|Any CPU.Build.0 = Debug|Any CPU
		{64E2E347-D392-42DE-A52D-34B6D69EF6A2}.Debug|Any CPU.Deploy.0 = Debug|Any CPU
		{64E2E347-D392-42DE-A52D-34B6D69EF6A2}.Debug|x64.ActiveCfg = Debug|x64
		{64E2E347-D392-42DE-A52D-34B6D69EF6A2}.Debug|x64.Build.0 = Debug|x64
		{64E2E347-D392-42DE-A52D-34B6D69EF6A2}.Debug|x64.Deploy.0 = Debug|x64
		{64E2E347-D392-42DE-A52D-34B6D69EF6A2}.Debug|x86.ActiveCfg = Debug|x86
		{64E2E347-D392-42DE-A52D-34B6D69EF6A2}.Debug|x86.Build.0 = Debug|x86
		{64E2E347-D392-42DE-A52D-34B6D69EF6A2}.Debug|x86.Deploy.0 = Debug|x86
		{64E2E347-D392-42DE-A52D-34B6D69EF6A2}.Release|ARM.ActiveCfg = Release|ARM
		{64E2E347-D392-42DE-A52D-34B6D69EF6A2}.Release|ARM.Build.0 = Release|ARM
		{64E2E347-D392-42DE-A52D-34B6D69EF6A2}.Release|ARM.Deploy.0 = Release|ARM
		{64E2E347-D392-42DE-A52D-34B6D69EF6A2}.Release|Any CPU.ActiveCfg = Release|Any CPU
		{64E2E347-D392-42DE-A52D-34B6D69EF6A2}.Release|Any CPU.Build.0 = Release|Any CPU
		{64E2E347-D392-42DE-A52D-34B6D69EF6A2}.Release|Any CPU.Deploy.0 = Release|Any CPU
		{64E2E347-D392-42DE-A52D-34B6D69EF6A2}.Release|x64.ActiveCfg = Release|x64
		{64E2E347-D392-42DE-A52D-34B6D69EF6A2}.Release|x64.Build.0 = Release|x64
		{64E2E347-D392-42DE-A52D-34B6D69EF6A2}.Release|x64.Deploy.0 = Release|x64
		{64E2E347-D392-42DE-A52D-34B6D69EF6A2}.Release|x86.ActiveCfg = Release|x86
		{64E2E347-D392-42DE-A52D-34B6D69EF6A2}.Release|x86.Build.0 = Release|x86
		{64E2E347-D392-42DE-A52D-34B6D69EF6A2}.Release|x86.Deploy.0 = Release|x86
		{D18FE34F-8EA7-4771-8ACD-33E0ECA1E8AF}.Debug|ARM.ActiveCfg = Debug|ARM
		{D18FE34F-8EA7-4771-8ACD-33E0ECA1E8AF}.Debug|ARM.Build.0 = Debug|ARM
		{D18FE34F-8EA7-4771-8ACD-33E0ECA1E8AF}.Debug|Any CPU.ActiveCfg = Debug|Any CPU
		{D18FE34F-8EA7-4771-8ACD-33E0ECA1E8AF}.Debug|Any CPU.Build.0 = Debug|Any CPU
		{D18FE34F-8EA7-4771-8ACD-33E0ECA1E8AF}.Debug|x64.ActiveCfg = Debug|x64
		{D18FE34F-8EA7-4771-8ACD-33E0ECA1E8AF}.Debug|x64.Build.0 = Debug|x64
		{D18FE34F-8EA7-4771-8ACD-33E0ECA1E8AF}.Debug|x86.ActiveCfg = Debug|x86
		{D18FE34F-8EA7-4771-8ACD-33E0ECA1E8AF}.Debug|x86.Build.0 = Debug|x86
		{D18FE34F-8EA7-4771-8ACD-33E0ECA1E8AF}.Release|ARM.ActiveCfg = Release|ARM
		{D18FE34F-8EA7-4771-8ACD-33E0ECA1E8AF}.Release|ARM.Build.0 = Release|ARM
		{D18FE34F-8EA7-4771-8ACD-33E0ECA1E8AF}.Release|Any CPU.ActiveCfg = Release|Any CPU
		{D18FE34F-8EA7-4771-8ACD-33E0ECA1E8AF}.Release|Any CPU.Build.0 = Release|Any CPU
		{D18FE34F-8EA7-4771-8ACD-33E0ECA1E8AF}.Release|x64.ActiveCfg = Release|x64
		{D18FE34F-8EA7-4771-8ACD-33E0ECA1E8AF}.Release|x64.Build.0 = Release|x64
		{D18FE34F-8EA7-4771-8ACD-33E0ECA1E8AF}.Release|x86.ActiveCfg = Release|x86
		{D18FE34F-8EA7-4771-8ACD-33E0ECA1E8AF}.Release|x86.Build.0 = Release|x86
		{D5B5A054-21FA-4E33-A38D-9AF08E924011}.Debug|ARM.ActiveCfg = Debug|ARM
		{D5B5A054-21FA-4E33-A38D-9AF08E924011}.Debug|ARM.Build.0 = Debug|ARM
		{D5B5A054-21FA-4E33-A38D-9AF08E924011}.Debug|Any CPU.ActiveCfg = Debug|Any CPU
		{D5B5A054-21FA-4E33-A38D-9AF08E924011}.Debug|Any CPU.Build.0 = Debug|Any CPU
		{D5B5A054-21FA-4E33-A38D-9AF08E924011}.Debug|x64.ActiveCfg = Debug|x64
		{D5B5A054-21FA-4E33-A38D-9AF08E924011}.Debug|x64.Build.0 = Debug|x64
		{D5B5A054-21FA-4E33-A38D-9AF08E924011}.Debug|x86.ActiveCfg = Debug|x86
		{D5B5A054-21FA-4E33-A38D-9AF08E924011}.Debug|x86.Build.0 = Debug|x86
		{D5B5A054-21FA-4E33-A38D-9AF08E924011}.Release|ARM.ActiveCfg = Release|ARM
		{D5B5A054-21FA-4E33-A38D-9AF08E924011}.Release|ARM.Build.0 = Release|ARM
		{D5B5A054-21FA-4E33-A38D-9AF08E924011}.Release|Any CPU.ActiveCfg = Release|Any CPU
		{D5B5A054-21FA-4E33-A38D-9AF08E924011}.Release|Any CPU.Build.0 = Release|Any CPU
		{D5B5A054-21FA-4E33-A38D-9AF08E924011}.Release|x64.ActiveCfg = Release|x64
		{D5B5A054-21FA-4E33-A38D-9AF08E924011}.Release|x64.Build.0 = Release|x64
		{D5B5A054-21FA-4E33-A38D-9AF08E924011}.Release|x86.ActiveCfg = Release|x86
		{D5B5A054-21FA-4E33-A38D-9AF08E924011}.Release|x86.Build.0 = Release|x86
		{D91C0212-BBF0-4CB6-B7C9-CBCA5F665B71}.Debug|ARM.ActiveCfg = Debug|ARM
		{D91C0212-BBF0-4CB6-B7C9-CBCA5F665B71}.Debug|ARM.Build.0 = Debug|ARM
		{D91C0212-BBF0-4CB6-B7C9-CBCA5F665B71}.Debug|Any CPU.ActiveCfg = Debug|Any CPU
		{D91C0212-BBF0-4CB6-B7C9-CBCA5F665B71}.Debug|Any CPU.Build.0 = Debug|Any CPU
		{D91C0212-BBF0-4CB6-B7C9-CBCA5F665B71}.Debug|x64.ActiveCfg = Debug|x64
		{D91C0212-BBF0-4CB6-B7C9-CBCA5F665B71}.Debug|x64.Build.0 = Debug|x64
		{D91C0212-BBF0-4CB6-B7C9-CBCA5F665B71}.Debug|x86.ActiveCfg = Debug|x86
		{D91C0212-BBF0-4CB6-B7C9-CBCA5F665B71}.Debug|x86.Build.0 = Debug|x86
		{D91C0212-BBF0-4CB6-B7C9-CBCA5F665B71}.Release|ARM.ActiveCfg = Release|ARM
		{D91C0212-BBF0-4CB6-B7C9-CBCA5F665B71}.Release|ARM.Build.0 = Release|ARM
		{D91C0212-BBF0-4CB6-B7C9-CBCA5F665B71}.Release|Any CPU.ActiveCfg = Release|Any CPU
		{D91C0212-BBF0-4CB6-B7C9-CBCA5F665B71}.Release|Any CPU.Build.0 = Release|Any CPU
		{D91C0212-BBF0-4CB6-B7C9-CBCA5F665B71}.Release|x64.ActiveCfg = Release|x64
		{D91C0212-BBF0-4CB6-B7C9-CBCA5F665B71}.Release|x64.Build.0 = Release|x64
		{D91C0212-BBF0-4CB6-B7C9-CBCA5F665B71}.Release|x86.ActiveCfg = Release|x86
		{D91C0212-BBF0-4CB6-B7C9-CBCA5F665B71}.Release|x86.Build.0 = Release|x86
	EndGlobalSection
	GlobalSection(SolutionProperties) = preSolution
		HideSolutionNode = FALSE
	EndGlobalSection
EndGlobal
